{
  "version": 4,
  "terraform_version": "1.6.5",
  "serial": 34,
  "lineage": "63f9e6d1-3eed-df6a-47c0-405f9543047f",
  "outputs": {
    "external_ip_address_vm_1": {
      "value": "158.160.104.201",
      "type": "string"
    },
    "internal_ip_address_vm_1": {
      "value": "192.168.10.32",
      "type": "string"
    }
  },
  "resources": [
    {
      "mode": "data",
      "type": "yandex_compute_image",
      "name": "my_image",
      "provider": "provider[\"registry.terraform.io/yandex-cloud/yandex\"]",
      "instances": [
        {
          "schema_version": 0,
          "attributes": {
            "created_at": "2023-12-04T10:54:43Z",
            "description": "LEMP",
            "family": "lemp",
            "folder_id": "standard-images",
            "id": "fd86gsme2n16pih4rd3e",
            "image_id": "fd86gsme2n16pih4rd3e",
            "labels": {},
            "min_disk_size": 3,
            "name": "lemp-v20231204",
            "os_type": "linux",
            "product_ids": [
              "f2e3bffroqdkclhv9c1s",
              "f2eve9tapvo05p9bmsc6"
            ],
            "size": 2,
            "status": "ready"
          },
          "sensitive_attributes": []
        }
      ]
    },
    {
      "mode": "managed",
      "type": "yandex_compute_instance",
      "name": "vm-1",
      "provider": "provider[\"registry.terraform.io/yandex-cloud/yandex\"]",
      "instances": [
        {
          "schema_version": 1,
          "attributes": {
            "allow_stopping_for_update": null,
            "boot_disk": [
              {
                "auto_delete": true,
                "device_name": "fhmlesl0p9tlqqrsp9fk",
                "disk_id": "fhmlesl0p9tlqqrsp9fk",
                "initialize_params": [
                  {
                    "description": "",
                    "image_id": "fd86gsme2n16pih4rd3e",
                    "name": "",
                    "size": 3,
                    "snapshot_id": "",
                    "type": "network-hdd"
                  }
                ],
                "mode": "READ_WRITE"
              }
            ],
            "created_at": "2023-12-06T14:17:38Z",
            "description": "",
            "folder_id": "b1gsn7asivb4355ot1ju",
            "fqdn": "fhmj09hetjtki1pbveuq.auto.internal",
            "hostname": "fhmj09hetjtki1pbveuq",
            "id": "fhmj09hetjtki1pbveuq",
            "labels": null,
            "metadata": {
              "ssh-keys": "ubuntu:ssh-ed25519 AAAAC3NzaC1lZDI1NTE5AAAAIJ2vHLXRY2MVFCnA6M8cb9bVSYjxwzuvgv91wNappSZi litium@CTNB003366\n"
            },
            "name": "terraform1",
            "network_acceleration_type": "standard",
            "network_interface": [
              {
                "dns_record": [],
                "index": 0,
                "ip_address": "192.168.10.32",
                "ipv4": true,
                "ipv6": false,
                "ipv6_address": "",
                "ipv6_dns_record": [],
                "mac_address": "d0:0d:13:02:62:ee",
                "nat": true,
                "nat_dns_record": [],
                "nat_ip_address": "158.160.104.201",
                "nat_ip_version": "IPV4",
                "security_group_ids": [],
                "subnet_id": "e9bht0rt61ut3a82uneg"
              }
            ],
            "placement_policy": [
              {
                "placement_group_id": ""
              }
            ],
            "platform_id": "standard-v1",
            "resources": [
              {
                "core_fraction": 100,
                "cores": 2,
                "gpus": 0,
                "memory": 2
              }
            ],
            "scheduling_policy": [
              {
                "preemptible": false
              }
            ],
            "secondary_disk": [],
            "service_account_id": "",
            "status": "running",
            "timeouts": null,
            "zone": "ru-central1-a"
          },
          "sensitive_attributes": [],
          "private": "eyJlMmJmYjczMC1lY2FhLTExZTYtOGY4OC0zNDM2M2JjN2M0YzAiOnsiY3JlYXRlIjozMDAwMDAwMDAwMDAsImRlbGV0ZSI6MzAwMDAwMDAwMDAwLCJ1cGRhdGUiOjMwMDAwMDAwMDAwMH0sInNjaGVtYV92ZXJzaW9uIjoiMSJ9",
          "dependencies": [
            "data.yandex_compute_image.my_image",
            "yandex_vpc_network.network-1",
            "yandex_vpc_subnet.subnet-1"
          ]
        }
      ]
    },
    {
      "mode": "managed",
      "type": "yandex_vpc_network",
      "name": "network-1",
      "provider": "provider[\"registry.terraform.io/yandex-cloud/yandex\"]",
      "instances": [
        {
          "schema_version": 0,
          "attributes": {
            "created_at": "2023-12-06T14:17:34Z",
            "default_security_group_id": "enphi4t1mr149n89o31i",
            "description": "",
            "folder_id": "b1gsn7asivb4355ot1ju",
            "id": "enpirgqbhdmpbj57ne88",
            "labels": null,
            "name": "network1",
            "subnet_ids": [],
            "timeouts": null
          },
          "sensitive_attributes": [],
          "private": "eyJlMmJmYjczMC1lY2FhLTExZTYtOGY4OC0zNDM2M2JjN2M0YzAiOnsiY3JlYXRlIjo2MDAwMDAwMDAwMCwiZGVsZXRlIjo2MDAwMDAwMDAwMCwidXBkYXRlIjo2MDAwMDAwMDAwMH19"
        }
      ]
    },
    {
      "mode": "managed",
      "type": "yandex_vpc_subnet",
      "name": "subnet-1",
      "provider": "provider[\"registry.terraform.io/yandex-cloud/yandex\"]",
      "instances": [
        {
          "schema_version": 0,
          "attributes": {
            "created_at": "2023-12-06T14:17:38Z",
            "description": "",
            "dhcp_options": [],
            "folder_id": "b1gsn7asivb4355ot1ju",
            "id": "e9bht0rt61ut3a82uneg",
            "labels": null,
            "name": "subnet1",
            "network_id": "enpirgqbhdmpbj57ne88",
            "route_table_id": "",
            "timeouts": null,
            "v4_cidr_blocks": [
              "192.168.10.0/24"
            ],
            "v6_cidr_blocks": [],
            "zone": "ru-central1-a"
          },
          "sensitive_attributes": [],
          "private": "eyJlMmJmYjczMC1lY2FhLTExZTYtOGY4OC0zNDM2M2JjN2M0YzAiOnsiY3JlYXRlIjoxODAwMDAwMDAwMDAsImRlbGV0ZSI6MTgwMDAwMDAwMDAwLCJ1cGRhdGUiOjE4MDAwMDAwMDAwMH19",
          "dependencies": [
            "yandex_vpc_network.network-1"
          ]
        }
      ]
    }
  ],
  "check_results": null
}
